# This file was autogenerated by Stack.
# You should not edit this file by hand.
# For more information, please see the documentation at:
#   https://docs.haskellstack.org/en/stable/lock_files

packages:
- completed:
    hackage: HsYAML-0.2.1.0@sha256:6e63cbc919543c5a837040f063e96fe0a4e43bef8ab3c057cef8f122396fdc2d,5469
    pantry-tree:
      size: 1340
      sha256: 77d9299977dfbc7836cbbcb51fe890bb70d485d9dd89a3bbe54822635faa8108
  original:
    hackage: HsYAML-0.2.1.0
- completed:
    hackage: HsYAML-aeson-0.2.0.0@sha256:6f9c10b46162fbd1562d89da94b46f3b7e8b5731a71fdb73438a2a251997a490,1853
    pantry-tree:
      size: 234
      sha256: db01d1a92edd78336e0d4a608f0a8153cb8f7612fc8ae9cd45e9014c941d6db9
  original:
    hackage: HsYAML-aeson-0.2.0.0
- completed:
    hackage: ede-0.2.9@sha256:062198b65a661f015bff53c15d53d0b63eac547d44b09d96b7fb8d27752dfc79,3561
    pantry-tree:
      size: 5392
      sha256: ee8d76f8f1ca483f29233498833c7159774efc3c0cb14027703cefac79c41315
  original:
    hackage: ede-0.2.9
- completed:
    hackage: hindent-5.3.1@sha256:23dc3d423820a1de4a11f54eb87992f2c9fa1b686b2230bb06d1af46edc85c4b,3452
    pantry-tree:
      size: 1027
      sha256: 29ea7cff1847793ca6249158ad919f4bb7095e59067f9750f4ce7051496e03d0
  original:
    hackage: hindent-5.3.1
- completed:
    hackage: text-regex-replace-0.1.1.3@sha256:e7f612df671c93ced54a3d26528db37852069884e5cb67d5afbb49d3defb5eb9,1627
    pantry-tree:
      size: 360
      sha256: 0edba698df19381c1fadb494dfd5278b35b6670bf29cab1a228f2fde9bb9ba89
  original:
    hackage: text-regex-replace-0.1.1.3
- completed:
    hackage: unexceptionalio-0.3.0@sha256:cd2d74906d336c0a0b827c935d31c39a8504c4414ffc4ab30ccbe22d0ba0cf69,1126
    pantry-tree:
      size: 217
      sha256: 810f5bb08802115d17848c2a8233f95b16f51922edf6850aa663fc1c4067f38a
  original:
    hackage: unexceptionalio-0.3.0
snapshots:
- completed:
    size: 524996
    url: https://raw.githubusercontent.com/commercialhaskell/stackage-snapshots/master/lts/14/27.yaml
    sha256: 7ea31a280c56bf36ff591a7397cc384d0dff622e7f9e4225b47d8980f019a0f0
  original: lts-14.27
